
Microsoft Visual Studio Solution File, Format Version 12.00
# Visual Studio Version 16
VisualStudioVersion = 16.0.30320.27
MinimumVisualStudioVersion = 10.0.40219.1
Project("{F184B08F-C81C-45F6-A57F-5ABD9991F28F}") = "WindowsApp1", "WindowsApp1\WindowsApp1.vbproj", "{0E3258BF-838A-47AA-B8D4-9CE3706DA2C6}"
EndProject
Global
	GlobalSection(SolutionConfigurationPlatforms) = preSolution
		Debug|Any CPU = Debug|Any CPU
		Release|Any CPU = Release|Any CPU
	EndGlobalSection
	GlobalSection(ProjectConfigurationPlatforms) = postSolution
		{0E3258BF-838A-47AA-B8D4-9CE3706DA2C6}.Debug|Any CPU.ActiveCfg = Debug|Any CPU
		{0E3258BF-838A-47AA-B8D4-9CE3706DA2C6}.Debug|Any CPU.Build.0 = Debug|Any CPU
		{0E3258BF-838A-47AA-B8D4-9CE3706DA2C6}.Release|Any CPU.ActiveCfg = Release|Any CPU
		{0E3258BF-838A-47AA-B8D4-9CE3706DA2C6}.Release|Any CPU.Build.0 = Release|Any CPU
	EndGlobalSection
	GlobalSection(SolutionProperties) = preSolution
		HideSolutionNode = FALSE
	EndGlobalSection
	GlobalSection(ExtensibilityGlobals) = postSolution
		SolutionGuid = {54A92DDD-EF76-41A0-B887-FB8331FAFAB1}
	EndGlobalSection
EndGlobal
